
Microsoft Visual Studio Solution File, Format Version 12.00
# Visual Studio Version 17
VisualStudioVersion = 17.4.33110.190
MinimumVisualStudioVersion = 10.0.40219.1
Project("{FAE04EC0-301F-11D3-BF4B-00C04F79EFBC}") = "lab2", "lab2\lab2.csproj", "{258B91C9-2AA8-4622-858B-922D4BA0E48B}"
EndProject
Global
	GlobalSection(SolutionConfigurationPlatforms) = preSolution
		Debug|Any CPU = Debug|Any CPU
		Release|Any CPU = Release|Any CPU
	EndGlobalSection
	GlobalSection(ProjectConfigurationPlatforms) = postSolution
		{258B91C9-2AA8-4622-858B-922D4BA0E48B}.Debug|Any CPU.ActiveCfg = Debug|Any CPU
		{258B91C9-2AA8-4622-858B-922D4BA0E48B}.Debug|Any CPU.Build.0 = Debug|Any CPU
		{258B91C9-2AA8-4622-858B-922D4BA0E48B}.Release|Any CPU.ActiveCfg = Release|Any CPU
		{258B91C9-2AA8-4622-858B-922D4BA0E48B}.Release|Any CPU.Build.0 = Release|Any CPU
	EndGlobalSection
	GlobalSection(SolutionProperties) = preSolution
		HideSolutionNode = FALSE
	EndGlobalSection
	GlobalSection(ExtensibilityGlobals) = postSolution
		SolutionGuid = {D84AB9B8-2557-495D-AD94-E47D745797E5}
	EndGlobalSection
EndGlobal
